// !$*UTF8*$!
{
	archiveVersion = 1;
	classes = {
	};
	objectVersion = 77;
	objects = {

/* Begin PBXContainerItemProxy section */
		C31C1A8F2E4B63E9004C6951 /* PBXContainerItemProxy */ = {
			isa = PBXContainerItemProxy;
			containerPortal = C31C1A792E4B63E7004C6951 /* Project object */;
			proxyType = 1;
			remoteGlobalIDString = C31C1A802E4B63E7004C6951;
			remoteInfo = BikeBell;
		};
		C31C1A992E4B63E9004C6951 /* PBXContainerItemProxy */ = {
			isa = PBXContainerItemProxy;
			containerPortal = C31C1A792E4B63E7004C6951 /* Project object */;
			proxyType = 1;
			remoteGlobalIDString = C31C1A802E4B63E7004C6951;
			remoteInfo = BikeBell;
		};
/* End PBXContainerItemProxy section */

/* Begin PBXFileReference section */
		C31C1A812E4B63E7004C6951 /* BikeBell.app */ = {isa = PBXFileReference; explicitFileType = wrapper.application; includeInIndex = 0; path = BikeBell.app; sourceTree = BUILT_PRODUCTS_DIR; };
		C31C1A8E2E4B63E9004C6951 /* BikeBellTests.xctest */ = {isa = PBXFileReference; explicitFileType = wrapper.cfbundle; includeInIndex = 0; path = BikeBellTests.xctest; sourceTree = BUILT_PRODUCTS_DIR; };
		C31C1A982E4B63E9004C6951 /* BikeBellUITests.xctest */ = {isa = PBXFileReference; explicitFileType = wrapper.cfbundle; includeInIndex = 0; path = BikeBellUITests.xctest; sourceTree = BUILT_PRODUCTS_DIR; };
/* End PBXFileReference section */

/* Begin PBXFileSystemSynchronizedRootGroup section */
		C31C1A832E4B63E7004C6951 /* BikeBell */ = {
			isa = PBXFileSystemSynchronizedRootGroup;
			path = BikeBell;
			sourceTree = "<group>";
		};
		C31C1A912E4B63E9004C6951 /* BikeBellTests */ = {
			isa = PBXFileSystemSynchronizedRootGroup;
			path = BikeBellTests;
			sourceTree = "<group>";
		};
		C31C1A9B2E4B63E9004C6951 /* BikeBellUITests */ = {
			isa = PBXFileSystemSynchronizedRootGroup;
			path = BikeBellUITests;
			sourceTree = "<group>";
		};
/* End PBXFileSystemSynchronizedRootGroup section */

/* Begin PBXFrameworksBuildPhase section */
		C31C1A7E2E4B63E7004C6951 /* Frameworks */ = {
			isa = PBXFrameworksBuildPhase;
			buildActionMask = 2147483647;
			files = (
			);
			runOnlyForDeploymentPostprocessing = 0;
		};
		C31C1A8B2E4B63E9004C6951 /* Frameworks */ = {
			isa = PBXFrameworksBuildPhase;
			buildActionMask = 2147483647;
			files = (
			);
			runOnlyForDeploymentPostprocessing = 0;
		};
		C31C1A952E4B63E9004C6951 /* Frameworks */ = {
			isa = PBXFrameworksBuildPhase;
			buildActionMask = 2147483647;
			files = (
			);
			runOnlyForDeploymentPostprocessing = 0;
		};
/* End PBXFrameworksBuildPhase section */

/* Begin PBXGroup section */
		C31C1A782E4B63E7004C6951 = {
			isa = PBXGroup;
			children = (
				C31C1A832E4B63E7004C6951 /* BikeBell */,
				C31C1A912E4B63E9004C6951 /* BikeBellTests */,
				C31C1A9B2E4B63E9004C6951 /* BikeBellUITests */,
				C31C1A822E4B63E7004C6951 /* Products */,
			);
			sourceTree = "<group>";
		};
		C31C1A822E4B63E7004C6951 /* Products */ = {
			isa = PBXGroup;
			children = (
				C31C1A812E4B63E7004C6951 /* BikeBell.app */,
				C31C1A8E2E4B63E9004C6951 /* BikeBellTests.xctest */,
				C31C1A982E4B63E9004C6951 /* BikeBellUITests.xctest */,
			);
			name = Products;
			sourceTree = "<group>";
		};
/* End PBXGroup section */

/* Begin PBXNativeTarget section */
		C31C1A802E4B63E7004C6951 /* BikeBell */ = {
			isa = PBXNativeTarget;
			buildConfigurationList = C31C1AA22E4B63E9004C6951 /* Build configuration list for PBXNativeTarget "BikeBell" */;
			buildPhases = (
				C31C1A7D2E4B63E7004C6951 /* Sources */,
				C31C1A7E2E4B63E7004C6951 /* Frameworks */,
				C31C1A7F2E4B63E7004C6951 /* Resources */,
			);
			buildRules = (
			);
			dependencies = (
			);
			fileSystemSynchronizedGroups = (
				C31C1A832E4B63E7004C6951 /* BikeBell */,
			);
			name = BikeBell;
			packageProductDependencies = (
			);
			productName = BikeBell;
			productReference = C31C1A812E4B63E7004C6951 /* BikeBell.app */;
			productType = "com.apple.product-type.application";
		};
		C31C1A8D2E4B63E9004C6951 /* BikeBellTests */ = {
			isa = PBXNativeTarget;
			buildConfigurationList = C31C1AA52E4B63E9004C6951 /* Build configuration list for PBXNativeTarget "BikeBellTests" */;
			buildPhases = (
				C31C1A8A2E4B63E9004C6951 /* Sources */,
				C31C1A8B2E4B63E9004C6951 /* Frameworks */,
				C31C1A8C2E4B63E9004C6951 /* Resources */,
			);
			buildRules = (
			);
			dependencies = (
				C31C1A902E4B63E9004C6951 /* PBXTargetDependency */,
			);
			fileSystemSynchronizedGroups = (
				C31C1A912E4B63E9004C6951 /* BikeBellTests */,
			);
			name = BikeBellTests;
			packageProductDependencies = (
			);
			productName = BikeBellTests;
			productReference = C31C1A8E2E4B63E9004C6951 /* BikeBellTests.xctest */;
			productType = "com.apple.product-type.bundle.unit-test";
		};
		C31C1A972E4B63E9004C6951 /* BikeBellUITests */ = {
			isa = PBXNativeTarget;
			buildConfigurationList = C31C1AA82E4B63E9004C6951 /* Build configuration list for PBXNativeTarget "BikeBellUITests" */;
			buildPhases = (
				C31C1A942E4B63E9004C6951 /* Sources */,
				C31C1A952E4B63E9004C6951 /* Frameworks */,
				C31C1A962E4B63E9004C6951 /* Resources */,
			);
			buildRules = (
			);
			dependencies = (
				C31C1A9A2E4B63E9004C6951 /* PBXTargetDependency */,
			);
			fileSystemSynchronizedGroups = (
				C31C1A9B2E4B63E9004C6951 /* BikeBellUITests */,
			);
			name = BikeBellUITests;
			packageProductDependencies = (
			);
			productName = BikeBellUITests;
			productReference = C31C1A982E4B63E9004C6951 /* BikeBellUITests.xctest */;
			productType = "com.apple.product-type.bundle.ui-testing";
		};
/* End PBXNativeTarget section */

/* Begin PBXProject section */
		C31C1A792E4B63E7004C6951 /* Project object */ = {
			isa = PBXProject;
			attributes = {
				BuildIndependentTargetsInParallel = 1;
				LastSwiftUpdateCheck = 1640;
				LastUpgradeCheck = 1640;
				TargetAttributes = {
					C31C1A802E4B63E7004C6951 = {
						CreatedOnToolsVersion = 16.4;
						LastSwiftMigration = 1640;
					};
					C31C1A8D2E4B63E9004C6951 = {
						CreatedOnToolsVersion = 16.4;
						TestTargetID = C31C1A802E4B63E7004C6951;
					};
					C31C1A972E4B63E9004C6951 = {
						CreatedOnToolsVersion = 16.4;
						TestTargetID = C31C1A802E4B63E7004C6951;
					};
				};
			};
			buildConfigurationList = C31C1A7C2E4B63E7004C6951 /* Build configuration list for PBXProject "BikeBell" */;
			developmentRegion = en;
			hasScannedForEncodings = 0;
			knownRegions = (
				en,
				Base,
			);
			mainGroup = C31C1A782E4B63E7004C6951;
			minimizedProjectReferenceProxies = 1;
			preferredProjectObjectVersion = 77;
			productRefGroup = C31C1A822E4B63E7004C6951 /* Products */;
			projectDirPath = "";
			projectRoot = "";
			targets = (
				C31C1A802E4B63E7004C6951 /* BikeBell */,
				C31C1A8D2E4B63E9004C6951 /* BikeBellTests */,
				C31C1A972E4B63E9004C6951 /* BikeBellUITests */,
			);
		};
/* End PBXProject section */

/* Begin PBXResourcesBuildPhase section */
		C31C1A7F2E4B63E7004C6951 /* Resources */ = {
			isa = PBXResourcesBuildPhase;
			buildActionMask = 2147483647;
			files = (
			);
			runOnlyForDeploymentPostprocessing = 0;
		};
		C31C1A8C2E4B63E9004C6951 /* Resources */ = {
			isa = PBXResourcesBuildPhase;
			buildActionMask = 2147483647;
			files = (
			);
			runOnlyForDeploymentPostprocessing = 0;
		};
		C31C1A962E4B63E9004C6951 /* Resources */ = {
			isa = PBXResourcesBuildPhase;
			buildActionMask = 2147483647;
			files = (
			);
			runOnlyForDeploymentPostprocessing = 0;
		};
/* End PBXResourcesBuildPhase section */

/* Begin PBXSourcesBuildPhase section */
		C31C1A7D2E4B63E7004C6951 /* Sources */ = {
			isa = PBXSourcesBuildPhase;
			buildActionMask = 2147483647;
			files = (
			);
			runOnlyForDeploymentPostprocessing = 0;
		};
		C31C1A8A2E4B63E9004C6951 /* Sources */ = {
			isa = PBXSourcesBuildPhase;
			buildActionMask = 2147483647;
			files = (
			);
			runOnlyForDeploymentPostprocessing = 0;
		};
		C31C1A942E4B63E9004C6951 /* Sources */ = {
			isa = PBXSourcesBuildPhase;
			buildActionMask = 2147483647;
			files = (
			);
			runOnlyForDeploymentPostprocessing = 0;
		};
/* End PBXSourcesBuildPhase section */

/* Begin PBXTargetDependency section */
		C31C1A902E4B63E9004C6951 /* PBXTargetDependency */ = {
			isa = PBXTargetDependency;
			target = C31C1A802E4B63E7004C6951 /* BikeBell */;
			targetProxy = C31C1A8F2E4B63E9004C6951 /* PBXContainerItemProxy */;
		};
		C31C1A9A2E4B63E9004C6951 /* PBXTargetDependency */ = {
			isa = PBXTargetDependency;
			target = C31C1A802E4B63E7004C6951 /* BikeBell */;
			targetProxy = C31C1A992E4B63E9004C6951 /* PBXContainerItemProxy */;
		};
/* End PBXTargetDependency section */

/* Begin XCBuildConfiguration section */
		C31C1AA02E4B63E9004C6951 /* Debug */ = {
			isa = XCBuildConfiguration;
			buildSettings = {
				ALWAYS_SEARCH_USER_PATHS = NO;
				ASSETCATALOG_COMPILER_GENERATE_SWIFT_ASSET_SYMBOL_EXTENSIONS = YES;
				CLANG_ANALYZER_NONNULL = YES;
				CLANG_ANALYZER_NUMBER_OBJECT_CONVERSION = YES_AGGRESSIVE;
				CLANG_CXX_LANGUAGE_STANDARD = "gnu++20";
				CLANG_ENABLE_MODULES = YES;
				CLANG_ENABLE_OBJC_ARC = YES;
				CLANG_ENABLE_OBJC_WEAK = YES;
				CLANG_WARN_BLOCK_CAPTURE_AUTORELEASING = YES;
				CLANG_WARN_BOOL_CONVERSION = YES;
				CLANG_WARN_COMMA = YES;
				CLANG_WARN_CONSTANT_CONVERSION = YES;
				CLANG_WARN_DEPRECATED_OBJC_IMPLEMENTATIONS = YES;
				CLANG_WARN_DIRECT_OBJC_ISA_USAGE = YES_ERROR;
				CLANG_WARN_DOCUMENTATION_COMMENTS = YES;
				CLANG_WARN_EMPTY_BODY = YES;
				CLANG_WARN_ENUM_CONVERSION = YES;
				CLANG_WARN_INFINITE_RECURSION = YES;
				CLANG_WARN_INT_CONVERSION = YES;
				CLANG_WARN_NON_LITERAL_NULL_CONVERSION = YES;
				CLANG_WARN_OBJC_IMPLICIT_RETAIN_SELF = YES;
				CLANG_WARN_OBJC_LITERAL_CONVERSION = YES;
				CLANG_WARN_OBJC_ROOT_CLASS = YES_ERROR;
				CLANG_WARN_QUOTED_INCLUDE_IN_FRAMEWORK_HEADER = YES;
				CLANG_WARN_RANGE_LOOP_ANALYSIS = YES;
				CLANG_WARN_STRICT_PROTOTYPES = YES;
				CLANG_WARN_SUSPICIOUS_MOVE = YES;
				CLANG_WARN_UNGUARDED_AVAILABILITY = YES_AGGRESSIVE;
				CLANG_WARN_UNREACHABLE_CODE = YES;
				CLANG_WARN__DUPLICATE_METHOD_MATCH = YES;
				COPY_PHASE_STRIP = NO;
				DEBUG_INFORMATION_FORMAT = dwarf;
				DEVELOPMENT_TEAM = U88A3D8S6W;
				ENABLE_STRICT_OBJC_MSGSEND = YES;
				ENABLE_TESTABILITY = YES;
				ENABLE_USER_SCRIPT_SANDBOXING = YES;
				GCC_C_LANGUAGE_STANDARD = gnu17;
				GCC_DYNAMIC_NO_PIC = NO;
				GCC_NO_COMMON_BLOCKS = YES;
				GCC_OPTIMIZATION_LEVEL = 0;
				GCC_PREPROCESSOR_DEFINITIONS = (
					"DEBUG=1",
					"$(inherited)",
				);
				GCC_WARN_64_TO_32_BIT_CONVERSION = YES;
				GCC_WARN_ABOUT_RETURN_TYPE = YES_ERROR;
				GCC_WARN_UNDECLARED_SELECTOR = YES;
				GCC_WARN_UNINITIALIZED_AUTOS = YES_AGGRESSIVE;
				GCC_WARN_UNUSED_FUNCTION = YES;
				GCC_WARN_UNUSED_VARIABLE = YES;
				IPHONEOS_DEPLOYMENT_TARGET = 18.5;
				LOCALIZATION_PREFERS_STRING_CATALOGS = YES;
				MTL_ENABLE_DEBUG_INFO = INCLUDE_SOURCE;
				MTL_FAST_MATH = YES;
				ONLY_ACTIVE_ARCH = YES;
				SDKROOT = iphoneos;
				SWIFT_ACTIVE_COMPILATION_CONDITIONS = "DEBUG $(inherited)";
				SWIFT_OPTIMIZATION_LEVEL = "-Onone";
			};
			name = Debug;
		};
		C31C1AA12E4B63E9004C6951 /* Release */ = {
			isa = XCBuildConfiguration;
			buildSettings = {
				ALWAYS_SEARCH_USER_PATHS = NO;
				ASSETCATALOG_COMPILER_GENERATE_SWIFT_ASSET_SYMBOL_EXTENSIONS = YES;
				CLANG_ANALYZER_NONNULL = YES;
				CLANG_ANALYZER_NUMBER_OBJECT_CONVERSION = YES_AGGRESSIVE;
				CLANG_CXX_LANGUAGE_STANDARD = "gnu++20";
				CLANG_ENABLE_MODULES = YES;
				CLANG_ENABLE_OBJC_ARC = YES;
				CLANG_ENABLE_OBJC_WEAK = YES;
				CLANG_WARN_BLOCK_CAPTURE_AUTORELEASING = YES;
				CLANG_WARN_BOOL_CONVERSION = YES;
				CLANG_WARN_COMMA = YES;
				CLANG_WARN_CONSTANT_CONVERSION = YES;
				CLANG_WARN_DEPRECATED_OBJC_IMPLEMENTATIONS = YES;
				CLANG_WARN_DIRECT_OBJC_ISA_USAGE = YES_ERROR;
				CLANG_WARN_DOCUMENTATION_COMMENTS = YES;
				CLANG_WARN_EMPTY_BODY = YES;
				CLANG_WARN_ENUM_CONVERSION = YES;
				CLANG_WARN_INFINITE_RECURSION = YES;
				CLANG_WARN_INT_CONVERSION = YES;
				CLANG_WARN_NON_LITERAL_NULL_CONVERSION = YES;
				CLANG_WARN_OBJC_IMPLICIT_RETAIN_SELF = YES;
				CLANG_WARN_OBJC_LITERAL_CONVERSION = YES;
				CLANG_WARN_OBJC_ROOT_CLASS = YES_ERROR;
				CLANG_WARN_QUOTED_INCLUDE_IN_FRAMEWORK_HEADER = YES;
				CLANG_WARN_RANGE_LOOP_ANALYSIS = YES;
				CLANG_WARN_STRICT_PROTOTYPES = YES;
				CLANG_WARN_SUSPICIOUS_MOVE = YES;
				CLANG_WARN_UNGUARDED_AVAILABILITY = YES_AGGRESSIVE;
				CLANG_WARN_UNREACHABLE_CODE = YES;
				CLANG_WARN__DUPLICATE_METHOD_MATCH = YES;
				COPY_PHASE_STRIP = NO;
				DEBUG_INFORMATION_FORMAT = "dwarf-with-dsym";
				DEVELOPMENT_TEAM = U88A3D8S6W;
				ENABLE_NS_ASSERTIONS = NO;
				ENABLE_STRICT_OBJC_MSGSEND = YES;
				ENABLE_USER_SCRIPT_SANDBOXING = YES;
				GCC_C_LANGUAGE_STANDARD = gnu17;
				GCC_NO_COMMON_BLOCKS = YES;
				GCC_WARN_64_TO_32_BIT_CONVERSION = YES;
				GCC_WARN_ABOUT_RETURN_TYPE = YES_ERROR;
				GCC_WARN_UNDECLARED_SELECTOR = YES;
				GCC_WARN_UNINITIALIZED_AUTOS = YES_AGGRESSIVE;
				GCC_WARN_UNUSED_FUNCTION = YES;
				GCC_WARN_UNUSED_VARIABLE = YES;
				IPHONEOS_DEPLOYMENT_TARGET = 18.5;
				LOCALIZATION_PREFERS_STRING_CATALOGS = YES;
				MTL_ENABLE_DEBUG_INFO = NO;
				MTL_FAST_MATH = YES;
				SDKROOT = iphoneos;
				SWIFT_COMPILATION_MODE = wholemodule;
				VALIDATE_PRODUCT = YES;
			};
			name = Release;
		};
		C31C1AA32E4B63E9004C6951 /* Debug */ = {
			isa = XCBuildConfiguration;
			buildSettings = {
				ASSETCATALOG_COMPILER_APPICON_NAME = AppIcon;
				ASSETCATALOG_COMPILER_GLOBAL_ACCENT_COLOR_NAME = AccentColor;
				CLANG_ENABLE_MODULES = YES;
				CODE_SIGN_STYLE = Automatic;
				CURRENT_PROJECT_VERSION = 3;
				DEVELOPMENT_TEAM = U88A3D8S6W;
				ENABLE_PREVIEWS = YES;
				GENERATE_INFOPLIST_FILE = YES;
				INFOPLIST_KEY_UIApplicationSceneManifest_Generation = YES;
				INFOPLIST_KEY_UIApplicationSupportsIndirectInputEvents = YES;
				INFOPLIST_KEY_UILaunchScreen_Generation = YES;
				INFOPLIST_KEY_UISupportedInterfaceOrientations_iPad = "UIInterfaceOrientationPortrait UIInterfaceOrientationPortraitUpsideDown UIInterfaceOrientationLandscapeLeft UIInterfaceOrientationLandscapeRight";
				INFOPLIST_KEY_UISupportedInterfaceOrientations_iPhone = "UIInterfaceOrientationPortrait UIInterfaceOrientationLandscapeLeft UIInterfaceOrientationLandscapeRight";
				LD_RUNPATH_SEARCH_PATHS = (
					"$(inherited)",
					"@executable_path/Frameworks",
				);
				MARKETING_VERSION = 1.1;
				PRODUCT_BUNDLE_IDENTIFIER = au.com.pixelflex.BikeBell;
				PRODUCT_NAME = "$(TARGET_NAME)";
				SUPPORTED_PLATFORMS = "iphoneos iphonesimulator";
				SUPPORTS_MACCATALYST = NO;
				SUPPORTS_MAC_DESIGNED_FOR_IPHONE_IPAD = NO;
				SUPPORTS_XR_DESIGNED_FOR_IPHONE_IPAD = NO;
				SWIFT_EMIT_LOC_STRINGS = YES;
				SWIFT_OPTIMIZATION_LEVEL = "-Onone";
				SWIFT_VERSION = 5.0;
				TARGETED_DEVICE_FAMILY = 1;
			};
			name = Debug;
		};
		C31C1AA42E4B63E9004C6951 /* Release */ = {
			isa = XCBuildConfiguration;
			buildSettings = {
				ASSETCATALOG_COMPILER_APPICON_NAME = AppIcon;
				ASSETCATALOG_COMPILER_GLOBAL_ACCENT_COLOR_NAME = AccentColor;
				CLANG_ENABLE_MODULES = YES;
				CODE_SIGN_STYLE = Automatic;
				CURRENT_PROJECT_VERSION = 3;
				DEVELOPMENT_TEAM = U88A3D8S6W;
				ENABLE_PREVIEWS = YES;
				GENERATE_INFOPLIST_FILE = YES;
				INFOPLIST_KEY_UIApplicationSceneManifest_Generation = YES;
				INFOPLIST_KEY_UIApplicationSupportsIndirectInputEvents = YES;
				INFOPLIST_KEY_UILaunchScreen_Generation = YES;
				INFOPLIST_KEY_UISupportedInterfaceOrientations_iPad = "UIInterfaceOrientationPortrait UIInterfaceOrientationPortraitUpsideDown UIInterfaceOrientationLandscapeLeft UIInterfaceOrientationLandscapeRight";
				INFOPLIST_KEY_UISupportedInterfaceOrientations_iPhone = "UIInterfaceOrientationPortrait UIInterfaceOrientationLandscapeLeft UIInterfaceOrientationLandscapeRight";
				LD_RUNPATH_SEARCH_PATHS = (
					"$(inherited)",
					"@executable_path/Frameworks",
				);
				MARKETING_VERSION = 1.1;
				PRODUCT_BUNDLE_IDENTIFIER = au.com.pixelflex.BikeBell;
				PRODUCT_NAME = "$(TARGET_NAME)";
				SUPPORTED_PLATFORMS = "iphoneos iphonesimulator";
				SUPPORTS_MACCATALYST = NO;
				SUPPORTS_MAC_DESIGNED_FOR_IPHONE_IPAD = NO;
				SUPPORTS_XR_DESIGNED_FOR_IPHONE_IPAD = NO;
				SWIFT_EMIT_LOC_STRINGS = YES;
				SWIFT_VERSION = 5.0;
				TARGETED_DEVICE_FAMILY = 1;
			};
			name = Release;
		};
		C31C1AA62E4B63E9004C6951 /* Debug */ = {
			isa = XCBuildConfiguration;
			buildSettings = {
				BUNDLE_LOADER = "$(TEST_HOST)";
				CODE_SIGN_STYLE = Automatic;
				CURRENT_PROJECT_VERSION = 1;
				DEVELOPMENT_TEAM = U88A3D8S6W;
				GENERATE_INFOPLIST_FILE = YES;
				IPHONEOS_DEPLOYMENT_TARGET = 18.5;
				MARKETING_VERSION = 1.0;
				PRODUCT_BUNDLE_IDENTIFIER = com.bikebell.app.BikeBellTests;
				PRODUCT_NAME = "$(TARGET_NAME)";
				SWIFT_EMIT_LOC_STRINGS = NO;
				SWIFT_VERSION = 5.0;
				TARGETED_DEVICE_FAMILY = "1,2";
				TEST_HOST = "$(BUILT_PRODUCTS_DIR)/BikeBell.app/$(BUNDLE_EXECUTABLE_FOLDER_PATH)/BikeBell";
			};
			name = Debug;
		};
		C31C1AA72E4B63E9004C6951 /* Release */ = {
			isa = XCBuildConfiguration;
			buildSettings = {
				BUNDLE_LOADER = "$(TEST_HOST)";
				CODE_SIGN_STYLE = Automatic;
				CURRENT_PROJECT_VERSION = 1;
				DEVELOPMENT_TEAM = U88A3D8S6W;
				GENERATE_INFOPLIST_FILE = YES;
				IPHONEOS_DEPLOYMENT_TARGET = 18.5;
				MARKETING_VERSION = 1.0;
				PRODUCT_BUNDLE_IDENTIFIER = com.bikebell.app.BikeBellTests;
				PRODUCT_NAME = "$(TARGET_NAME)";
				SWIFT_EMIT_LOC_STRINGS = NO;
				SWIFT_VERSION = 5.0;
				TARGETED_DEVICE_FAMILY = "1,2";
				TEST_HOST = "$(BUILT_PRODUCTS_DIR)/BikeBell.app/$(BUNDLE_EXECUTABLE_FOLDER_PATH)/BikeBell";
			};
			name = Release;
		};
		C31C1AA92E4B63E9004C6951 /* Debug */ = {
			isa = XCBuildConfiguration;
			buildSettings = {
				CODE_SIGN_STYLE = Automatic;
				CURRENT_PROJECT_VERSION = 1;
				DEVELOPMENT_TEAM = U88A3D8S6W;
				GENERATE_INFOPLIST_FILE = YES;
				MARKETING_VERSION = 1.0;
				PRODUCT_BUNDLE_IDENTIFIER = com.bikebell.app.BikeBellUITests;
				PRODUCT_NAME = "$(TARGET_NAME)";
				SWIFT_EMIT_LOC_STRINGS = NO;
				SWIFT_VERSION = 5.0;
				TARGETED_DEVICE_FAMILY = "1,2";
				TEST_TARGET_NAME = BikeBell;
			};
			name = Debug;
		};
		C31C1AAA2E4B63E9004C6951 /* Release */ = {
			isa = XCBuildConfiguration;
			buildSettings = {
				CODE_SIGN_STYLE = Automatic;
				CURRENT_PROJECT_VERSION = 1;
				DEVELOPMENT_TEAM = U88A3D8S6W;
				GENERATE_INFOPLIST_FILE = YES;
				MARKETING_VERSION = 1.0;
				PRODUCT_BUNDLE_IDENTIFIER = com.bikebell.app.BikeBellUITests;
				PRODUCT_NAME = "$(TARGET_NAME)";
				SWIFT_EMIT_LOC_STRINGS = NO;
				SWIFT_VERSION = 5.0;
				TARGETED_DEVICE_FAMILY = "1,2";
				TEST_TARGET_NAME = BikeBell;
			};
			name = Release;
		};
/* End XCBuildConfiguration section */

/* Begin XCConfigurationList section */
		C31C1A7C2E4B63E7004C6951 /* Build configuration list for PBXProject "BikeBell" */ = {
			isa = XCConfigurationList;
			buildConfigurations = (
				C31C1AA02E4B63E9004C6951 /* Debug */,
				C31C1AA12E4B63E9004C6951 /* Release */,
			);
			defaultConfigurationIsVisible = 0;
			defaultConfigurationName = Release;
		};
		C31C1AA22E4B63E9004C6951 /* Build configuration list for PBXNativeTarget "BikeBell" */ = {
			isa = XCConfigurationList;
			buildConfigurations = (
				C31C1AA32E4B63E9004C6951 /* Debug */,
				C31C1AA42E4B63E9004C6951 /* Release */,
			);
			defaultConfigurationIsVisible = 0;
			defaultConfigurationName = Release;
		};
		C31C1AA52E4B63E9004C6951 /* Build configuration list for PBXNativeTarget "BikeBellTests" */ = {
			isa = XCConfigurationList;
			buildConfigurations = (
				C31C1AA62E4B63E9004C6951 /* Debug */,
				C31C1AA72E4B63E9004C6951 /* Release */,
			);
			defaultConfigurationIsVisible = 0;
			defaultConfigurationName = Release;
		};
		C31C1AA82E4B63E9004C6951 /* Build configuration list for PBXNativeTarget "BikeBellUITests" */ = {
			isa = XCConfigurationList;
			buildConfigurations = (
				C31C1AA92E4B63E9004C6951 /* Debug */,
				C31C1AAA2E4B63E9004C6951 /* Release */,
			);
			defaultConfigurationIsVisible = 0;
			defaultConfigurationName = Release;
		};
/* End XCConfigurationList section */
	};
	rootObject = C31C1A792E4B63E7004C6951 /* Project object */;
}
